<?xml version="1.0" encoding="utf-8"?>
<Project ToolsVersion="4.0" xmlns="http://schemas.microsoft.com/developer/msbuild/2003">
  <ItemGroup>
    <ClCompile Include="minhook\src\buffer.c" />
    <ClCompile Include="minhook\src\HDE\hde32.c" />
    <ClCompile Include="minhook\src\HDE\hde64.c" />
    <ClCompile Include="minhook\src\hook.c" />
    <ClCompile Include="minhook\src\trampoline.c" />
  </ItemGroup>
  <ItemGroup>
    <ClInclude Include="minhook\include\MinHook.h" />
    <ClInclude Include="minhook\src\buffer.h" />
    <ClInclude Include="minhook\src\HDE\hde32.h" />
    <ClInclude Include="minhook\src\HDE\hde64.h" />
    <ClInclude Include="minhook\src\HDE\pstdint.h" />
    <ClInclude Include="minhook\src\HDE\table32.h" />
    <ClInclude Include="minhook\src\HDE\table64.h" />
    <ClInclude Include="minhook\src\trampoline.h" />
  </ItemGroup>
</Project>